
Microsoft Visual Studio Solution File, Format Version 12.00
# Visual Studio Version 17
VisualStudioVersion = 17.4.33122.133
MinimumVisualStudioVersion = 10.0.40219.1
Project("{FAE04EC0-301F-11D3-BF4B-00C04F79EFBC}") = "perfect", "perfect\perfect.csproj", "{B1281D3F-8EF9-4229-943F-B73C1EE1F478}"
EndProject
Global
	GlobalSection(SolutionConfigurationPlatforms) = preSolution
		Debug|Any CPU = Debug|Any CPU
		Release|Any CPU = Release|Any CPU
	EndGlobalSection
	GlobalSection(ProjectConfigurationPlatforms) = postSolution
		{B1281D3F-8EF9-4229-943F-B73C1EE1F478}.Debug|Any CPU.ActiveCfg = Debug|Any CPU
		{B1281D3F-8EF9-4229-943F-B73C1EE1F478}.Debug|Any CPU.Build.0 = Debug|Any CPU
		{B1281D3F-8EF9-4229-943F-B73C1EE1F478}.Release|Any CPU.ActiveCfg = Release|Any CPU
		{B1281D3F-8EF9-4229-943F-B73C1EE1F478}.Release|Any CPU.Build.0 = Release|Any CPU
	EndGlobalSection
	GlobalSection(SolutionProperties) = preSolution
		HideSolutionNode = FALSE
	EndGlobalSection
	GlobalSection(ExtensibilityGlobals) = postSolution
		SolutionGuid = {B2C92B4D-2D17-4C2F-B627-843FAFCEF862}
	EndGlobalSection
EndGlobal
